
Microsoft Visual Studio Solution File, Format Version 12.00
# Visual Studio 15
VisualStudioVersion = 15.0.27130.2027
MinimumVisualStudioVersion = 10.0.40219.1
Project("{FAE04EC0-301F-11D3-BF4B-00C04F79EFBC}") = "OAuth2_0_TestApp", "OAuth2_0_TestApp\OAuth2_0_TestApp.csproj", "{3103B3FA-514A-463A-AB28-FDAD18DF3E36}"
EndProject
Global
	GlobalSection(SolutionConfigurationPlatforms) = preSolution
		Debug|Any CPU = Debug|Any CPU
		Release|Any CPU = Release|Any CPU
	EndGlobalSection
	GlobalSection(ProjectConfigurationPlatforms) = postSolution
		{3103B3FA-514A-463A-AB28-FDAD18DF3E36}.Debug|Any CPU.ActiveCfg = Debug|Any CPU
		{3103B3FA-514A-463A-AB28-FDAD18DF3E36}.Debug|Any CPU.Build.0 = Debug|Any CPU
		{3103B3FA-514A-463A-AB28-FDAD18DF3E36}.Release|Any CPU.ActiveCfg = Release|Any CPU
		{3103B3FA-514A-463A-AB28-FDAD18DF3E36}.Release|Any CPU.Build.0 = Release|Any CPU
	EndGlobalSection
	GlobalSection(SolutionProperties) = preSolution
		HideSolutionNode = FALSE
	EndGlobalSection
	GlobalSection(ExtensibilityGlobals) = postSolution
		SolutionGuid = {A071C41A-2162-44F6-8472-9BE6B6FE4D89}
	EndGlobalSection
EndGlobal
